// !$*UTF8*$!
{
	archiveVersion = 1;
	classes = {
	};
	objectVersion = 52;
	objects = {

/* Begin PBXBuildFile section */
		5A22183325E823AA00445CE6 /* ItemBadgeView.swift in Sources */ = {isa = PBXBuildFile; fileRef = 5A22183225E823AA00445CE6 /* ItemBadgeView.swift */; };
		5A22183925E8295B00445CE6 /* SettingsViewController.swift in Sources */ = {isa = PBXBuildFile; fileRef = 5A22183825E8295B00445CE6 /* SettingsViewController.swift */; };
		5A22184025E832B100445CE6 /* UIColorExtensions.swift in Sources */ = {isa = PBXBuildFile; fileRef = 5A22183F25E832B100445CE6 /* UIColorExtensions.swift */; };
		5A57EC8625EA0134003DE090 /* ItemRowView.swift in Sources */ = {isa = PBXBuildFile; fileRef = 5A57EC8525EA0134003DE090 /* ItemRowView.swift */; };
		5A57EC8925EA0A91003DE090 /* DetailViewViewController.swift in Sources */ = {isa = PBXBuildFile; fileRef = 5A57EC8825EA0A91003DE090 /* DetailViewViewController.swift */; };
		5AD1553E25E8042D00172CEA /* AppDelegate.swift in Sources */ = {isa = PBXBuildFile; fileRef = 5AD1553D25E8042D00172CEA /* AppDelegate.swift */; };
		5AD1554025E8042D00172CEA /* SceneDelegate.swift in Sources */ = {isa = PBXBuildFile; fileRef = 5AD1553F25E8042D00172CEA /* SceneDelegate.swift */; };
		5AD1554225E8042D00172CEA /* ContentView.swift in Sources */ = {isa = PBXBuildFile; fileRef = 5AD1554125E8042D00172CEA /* ContentView.swift */; };
		5AD1554425E8042E00172CEA /* Assets.xcassets in Resources */ = {isa = PBXBuildFile; fileRef = 5AD1554325E8042E00172CEA /* Assets.xcassets */; };
		5AD1554725E8042E00172CEA /* Preview Assets.xcassets in Resources */ = {isa = PBXBuildFile; fileRef = 5AD1554625E8042E00172CEA /* Preview Assets.xcassets */; };
		5AD1554A25E8042E00172CEA /* LaunchScreen.storyboard in Resources */ = {isa = PBXBuildFile; fileRef = 5AD1554825E8042E00172CEA /* LaunchScreen.storyboard */; };
		5AD1555425E8045700172CEA /* Items.swift in Sources */ = {isa = PBXBuildFile; fileRef = 5AD1555325E8045700172CEA /* Items.swift */; };
		5AF5742625E822AB00DD3BDE /* ItemCell.swift in Sources */ = {isa = PBXBuildFile; fileRef = 5AF5742525E822AB00DD3BDE /* ItemCell.swift */; };
		5AF5742A25E822EE00DD3BDE /* Tools in Frameworks */ = {isa = PBXBuildFile; productRef = 5AF5742925E822EE00DD3BDE /* Tools */; };
/* End PBXBuildFile section */

/* Begin PBXFileReference section */
		5A22183225E823AA00445CE6 /* ItemBadgeView.swift */ = {isa = PBXFileReference; lastKnownFileType = sourcecode.swift; path = ItemBadgeView.swift; sourceTree = "<group>"; };
		5A22183825E8295B00445CE6 /* SettingsViewController.swift */ = {isa = PBXFileReference; lastKnownFileType = sourcecode.swift; path = SettingsViewController.swift; sourceTree = "<group>"; };
		5A22183F25E832B100445CE6 /* UIColorExtensions.swift */ = {isa = PBXFileReference; lastKnownFileType = sourcecode.swift; path = UIColorExtensions.swift; sourceTree = "<group>"; };
		5A57EC8525EA0134003DE090 /* ItemRowView.swift */ = {isa = PBXFileReference; lastKnownFileType = sourcecode.swift; path = ItemRowView.swift; sourceTree = "<group>"; };
		5A57EC8825EA0A91003DE090 /* DetailViewViewController.swift */ = {isa = PBXFileReference; lastKnownFileType = sourcecode.swift; path = DetailViewViewController.swift; sourceTree = "<group>"; };
		5AD1553A25E8042D00172CEA /* settingsclone.app */ = {isa = PBXFileReference; explicitFileType = wrapper.application; includeInIndex = 0; path = settingsclone.app; sourceTree = BUILT_PRODUCTS_DIR; };
		5AD1553D25E8042D00172CEA /* AppDelegate.swift */ = {isa = PBXFileReference; lastKnownFileType = sourcecode.swift; path = AppDelegate.swift; sourceTree = "<group>"; };
		5AD1553F25E8042D00172CEA /* SceneDelegate.swift */ = {isa = PBXFileReference; lastKnownFileType = sourcecode.swift; path = SceneDelegate.swift; sourceTree = "<group>"; };
		5AD1554125E8042D00172CEA /* ContentView.swift */ = {isa = PBXFileReference; lastKnownFileType = sourcecode.swift; path = ContentView.swift; sourceTree = "<group>"; };
		5AD1554325E8042E00172CEA /* Assets.xcassets */ = {isa = PBXFileReference; lastKnownFileType = folder.assetcatalog; path = Assets.xcassets; sourceTree = "<group>"; };
		5AD1554625E8042E00172CEA /* Preview Assets.xcassets */ = {isa = PBXFileReference; lastKnownFileType = folder.assetcatalog; path = "Preview Assets.xcassets"; sourceTree = "<group>"; };
		5AD1554925E8042E00172CEA /* Base */ = {isa = PBXFileReference; lastKnownFileType = file.storyboard; name = Base; path = Base.lproj/LaunchScreen.storyboard; sourceTree = "<group>"; };
		5AD1554B25E8042E00172CEA /* Info.plist */ = {isa = PBXFileReference; lastKnownFileType = text.plist.xml; path = Info.plist; sourceTree = "<group>"; };
		5AD1555325E8045700172CEA /* Items.swift */ = {isa = PBXFileReference; lastKnownFileType = sourcecode.swift; path = Items.swift; sourceTree = "<group>"; };
		5AF5742525E822AB00DD3BDE /* ItemCell.swift */ = {isa = PBXFileReference; lastKnownFileType = sourcecode.swift; path = ItemCell.swift; sourceTree = "<group>"; };
/* End PBXFileReference section */

/* Begin PBXFrameworksBuildPhase section */
		5AD1553725E8042D00172CEA /* Frameworks */ = {
			isa = PBXFrameworksBuildPhase;
			buildActionMask = 2147483647;
			files = (
				5AF5742A25E822EE00DD3BDE /* Tools in Frameworks */,
			);
			runOnlyForDeploymentPostprocessing = 0;
		};
/* End PBXFrameworksBuildPhase section */

/* Begin PBXGroup section */
		5A22183725E8294F00445CE6 /* View Controllers */ = {
			isa = PBXGroup;
			children = (
				5A22183825E8295B00445CE6 /* SettingsViewController.swift */,
				5A57EC8825EA0A91003DE090 /* DetailViewViewController.swift */,
			);
			path = "View Controllers";
			sourceTree = "<group>";
		};
		5A22183E25E832A100445CE6 /* Extensions */ = {
			isa = PBXGroup;
			children = (
				5A22183F25E832B100445CE6 /* UIColorExtensions.swift */,
			);
			path = Extensions;
			sourceTree = "<group>";
		};
		5AC40D0925E9FFBF00313B81 /* UIKit */ = {
			isa = PBXGroup;
			children = (
				5AF5742325E8229C00DD3BDE /* Views */,
				5A22183725E8294F00445CE6 /* View Controllers */,
			);
			path = UIKit;
			sourceTree = "<group>";
		};
		5AC40D0A25E9FFCB00313B81 /* SwiftUI */ = {
			isa = PBXGroup;
			children = (
				5AC40D0C25E9FFDD00313B81 /* Views */,
				5AC40D0B25E9FFD900313B81 /* Screens */,
			);
			path = SwiftUI;
			sourceTree = "<group>";
		};
		5AC40D0B25E9FFD900313B81 /* Screens */ = {
			isa = PBXGroup;
			children = (
				5AD1554125E8042D00172CEA /* ContentView.swift */,
			);
			path = Screens;
			sourceTree = "<group>";
		};
		5AC40D0C25E9FFDD00313B81 /* Views */ = {
			isa = PBXGroup;
			children = (
				5A57EC8525EA0134003DE090 /* ItemRowView.swift */,
			);
			path = Views;
			sourceTree = "<group>";
		};
		5AD1553125E8042D00172CEA = {
			isa = PBXGroup;
			children = (
				5AD1553C25E8042D00172CEA /* settingsclone */,
				5AD1553B25E8042D00172CEA /* Products */,
			);
			sourceTree = "<group>";
		};
		5AD1553B25E8042D00172CEA /* Products */ = {
			isa = PBXGroup;
			children = (
				5AD1553A25E8042D00172CEA /* settingsclone.app */,
			);
			name = Products;
			sourceTree = "<group>";
		};
		5AD1553C25E8042D00172CEA /* settingsclone */ = {
			isa = PBXGroup;
			children = (
				5AD1553D25E8042D00172CEA /* AppDelegate.swift */,
				5AD1553F25E8042D00172CEA /* SceneDelegate.swift */,
				5AD1555225E8044F00172CEA /* Data */,
				5AC40D0925E9FFBF00313B81 /* UIKit */,
				5AC40D0A25E9FFCB00313B81 /* SwiftUI */,
				5A22183E25E832A100445CE6 /* Extensions */,
				5AD1554325E8042E00172CEA /* Assets.xcassets */,
				5AD1554825E8042E00172CEA /* LaunchScreen.storyboard */,
				5AD1554B25E8042E00172CEA /* Info.plist */,
				5AD1554525E8042E00172CEA /* Preview Content */,
			);
			path = settingsclone;
			sourceTree = "<group>";
		};
		5AD1554525E8042E00172CEA /* Preview Content */ = {
			isa = PBXGroup;
			children = (
				5AD1554625E8042E00172CEA /* Preview Assets.xcassets */,
			);
			path = "Preview Content";
			sourceTree = "<group>";
		};
		5AD1555225E8044F00172CEA /* Data */ = {
			isa = PBXGroup;
			children = (
				5AD1555325E8045700172CEA /* Items.swift */,
			);
			path = Data;
			sourceTree = "<group>";
		};
		5AF5742325E8229C00DD3BDE /* Views */ = {
			isa = PBXGroup;
			children = (
				5AF5742425E8229F00DD3BDE /* Cells */,
				5A22183225E823AA00445CE6 /* ItemBadgeView.swift */,
			);
			path = Views;
			sourceTree = "<group>";
		};
		5AF5742425E8229F00DD3BDE /* Cells */ = {
			isa = PBXGroup;
			children = (
				5AF5742525E822AB00DD3BDE /* ItemCell.swift */,
			);
			path = Cells;
			sourceTree = "<group>";
		};
/* End PBXGroup section */

/* Begin PBXNativeTarget section */
		5AD1553925E8042D00172CEA /* settingsclone */ = {
			isa = PBXNativeTarget;
			buildConfigurationList = 5AD1554E25E8042E00172CEA /* Build configuration list for PBXNativeTarget "settingsclone" */;
			buildPhases = (
				5AD1553625E8042D00172CEA /* Sources */,
				5AD1553725E8042D00172CEA /* Frameworks */,
				5AD1553825E8042D00172CEA /* Resources */,
			);
			buildRules = (
			);
			dependencies = (
			);
			name = settingsclone;
			packageProductDependencies = (
				5AF5742925E822EE00DD3BDE /* Tools */,
			);
			productName = settingsclone;
			productReference = 5AD1553A25E8042D00172CEA /* settingsclone.app */;
			productType = "com.apple.product-type.application";
		};
/* End PBXNativeTarget section */

/* Begin PBXProject section */
		5AD1553225E8042D00172CEA /* Project object */ = {
			isa = PBXProject;
			attributes = {
				LastSwiftUpdateCheck = 1240;
				LastUpgradeCheck = 1240;
				TargetAttributes = {
					5AD1553925E8042D00172CEA = {
						CreatedOnToolsVersion = 12.4;
					};
				};
			};
			buildConfigurationList = 5AD1553525E8042D00172CEA /* Build configuration list for PBXProject "settingsclone" */;
			compatibilityVersion = "Xcode 9.3";
			developmentRegion = en;
			hasScannedForEncodings = 0;
			knownRegions = (
				en,
				Base,
			);
			mainGroup = 5AD1553125E8042D00172CEA;
			packageReferences = (
				5AF5742825E822EE00DD3BDE /* XCRemoteSwiftPackageReference "Tools" */,
			);
			productRefGroup = 5AD1553B25E8042D00172CEA /* Products */;
			projectDirPath = "";
			projectRoot = "";
			targets = (
				5AD1553925E8042D00172CEA /* settingsclone */,
			);
		};
/* End PBXProject section */

/* Begin PBXResourcesBuildPhase section */
		5AD1553825E8042D00172CEA /* Resources */ = {
			isa = PBXResourcesBuildPhase;
			buildActionMask = 2147483647;
			files = (
				5AD1554A25E8042E00172CEA /* LaunchScreen.storyboard in Resources */,
				5AD1554725E8042E00172CEA /* Preview Assets.xcassets in Resources */,
				5AD1554425E8042E00172CEA /* Assets.xcassets in Resources */,
			);
			runOnlyForDeploymentPostprocessing = 0;
		};
/* End PBXResourcesBuildPhase section */

/* Begin PBXSourcesBuildPhase section */
		5AD1553625E8042D00172CEA /* Sources */ = {
			isa = PBXSourcesBuildPhase;
			buildActionMask = 2147483647;
			files = (
				5AD1555425E8045700172CEA /* Items.swift in Sources */,
				5A22183325E823AA00445CE6 /* ItemBadgeView.swift in Sources */,
				5A57EC8625EA0134003DE090 /* ItemRowView.swift in Sources */,
				5A22183925E8295B00445CE6 /* SettingsViewController.swift in Sources */,
				5AD1553E25E8042D00172CEA /* AppDelegate.swift in Sources */,
				5AD1554025E8042D00172CEA /* SceneDelegate.swift in Sources */,
				5AD1554225E8042D00172CEA /* ContentView.swift in Sources */,
				5AF5742625E822AB00DD3BDE /* ItemCell.swift in Sources */,
				5A57EC8925EA0A91003DE090 /* DetailViewViewController.swift in Sources */,
				5A22184025E832B100445CE6 /* UIColorExtensions.swift in Sources */,
			);
			runOnlyForDeploymentPostprocessing = 0;
		};
/* End PBXSourcesBuildPhase section */

/* Begin PBXVariantGroup section */
		5AD1554825E8042E00172CEA /* LaunchScreen.storyboard */ = {
			isa = PBXVariantGroup;
			children = (
				5AD1554925E8042E00172CEA /* Base */,
			);
			name = LaunchScreen.storyboard;
			sourceTree = "<group>";
		};
/* End PBXVariantGroup section */

/* Begin XCBuildConfiguration section */
		5AD1554C25E8042E00172CEA /* Debug */ = {
			isa = XCBuildConfiguration;
			buildSettings = {
				ALWAYS_SEARCH_USER_PATHS = NO;
				CLANG_ANALYZER_NONNULL = YES;
				CLANG_ANALYZER_NUMBER_OBJECT_CONVERSION = YES_AGGRESSIVE;
				CLANG_CXX_LANGUAGE_STANDARD = "gnu++14";
				CLANG_CXX_LIBRARY = "libc++";
				CLANG_ENABLE_MODULES = YES;
				CLANG_ENABLE_OBJC_ARC = YES;
				CLANG_ENABLE_OBJC_WEAK = YES;
				CLANG_WARN_BLOCK_CAPTURE_AUTORELEASING = YES;
				CLANG_WARN_BOOL_CONVERSION = YES;
				CLANG_WARN_COMMA = YES;
				CLANG_WARN_CONSTANT_CONVERSION = YES;
				CLANG_WARN_DEPRECATED_OBJC_IMPLEMENTATIONS = YES;
				CLANG_WARN_DIRECT_OBJC_ISA_USAGE = YES_ERROR;
				CLANG_WARN_DOCUMENTATION_COMMENTS = YES;
				CLANG_WARN_EMPTY_BODY = YES;
				CLANG_WARN_ENUM_CONVERSION = YES;
				CLANG_WARN_INFINITE_RECURSION = YES;
				CLANG_WARN_INT_CONVERSION = YES;
				CLANG_WARN_NON_LITERAL_NULL_CONVERSION = YES;
				CLANG_WARN_OBJC_IMPLICIT_RETAIN_SELF = YES;
				CLANG_WARN_OBJC_LITERAL_CONVERSION = YES;
				CLANG_WARN_OBJC_ROOT_CLASS = YES_ERROR;
				CLANG_WARN_QUOTED_INCLUDE_IN_FRAMEWORK_HEADER = YES;
				CLANG_WARN_RANGE_LOOP_ANALYSIS = YES;
				CLANG_WARN_STRICT_PROTOTYPES = YES;
				CLANG_WARN_SUSPICIOUS_MOVE = YES;
				CLANG_WARN_UNGUARDED_AVAILABILITY = YES_AGGRESSIVE;
				CLANG_WARN_UNREACHABLE_CODE = YES;
				CLANG_WARN__DUPLICATE_METHOD_MATCH = YES;
				COPY_PHASE_STRIP = NO;
				DEBUG_INFORMATION_FORMAT = dwarf;
				ENABLE_STRICT_OBJC_MSGSEND = YES;
				ENABLE_TESTABILITY = YES;
				GCC_C_LANGUAGE_STANDARD = gnu11;
				GCC_DYNAMIC_NO_PIC = NO;
				GCC_NO_COMMON_BLOCKS = YES;
				GCC_OPTIMIZATION_LEVEL = 0;
				GCC_PREPROCESSOR_DEFINITIONS = (
					"DEBUG=1",
					"$(inherited)",
				);
				GCC_WARN_64_TO_32_BIT_CONVERSION = YES;
				GCC_WARN_ABOUT_RETURN_TYPE = YES_ERROR;
				GCC_WARN_UNDECLARED_SELECTOR = YES;
				GCC_WARN_UNINITIALIZED_AUTOS = YES_AGGRESSIVE;
				GCC_WARN_UNUSED_FUNCTION = YES;
				GCC_WARN_UNUSED_VARIABLE = YES;
				IPHONEOS_DEPLOYMENT_TARGET = 14.4;
				MTL_ENABLE_DEBUG_INFO = INCLUDE_SOURCE;
				MTL_FAST_MATH = YES;
				ONLY_ACTIVE_ARCH = YES;
				SDKROOT = iphoneos;
				SWIFT_ACTIVE_COMPILATION_CONDITIONS = DEBUG;
				SWIFT_OPTIMIZATION_LEVEL = "-Onone";
			};
			name = Debug;
		};
		5AD1554D25E8042E00172CEA /* Release */ = {
			isa = XCBuildConfiguration;
			buildSettings = {
				ALWAYS_SEARCH_USER_PATHS = NO;
				CLANG_ANALYZER_NONNULL = YES;
				CLANG_ANALYZER_NUMBER_OBJECT_CONVERSION = YES_AGGRESSIVE;
				CLANG_CXX_LANGUAGE_STANDARD = "gnu++14";
				CLANG_CXX_LIBRARY = "libc++";
				CLANG_ENABLE_MODULES = YES;
				CLANG_ENABLE_OBJC_ARC = YES;
				CLANG_ENABLE_OBJC_WEAK = YES;
				CLANG_WARN_BLOCK_CAPTURE_AUTORELEASING = YES;
				CLANG_WARN_BOOL_CONVERSION = YES;
				CLANG_WARN_COMMA = YES;
				CLANG_WARN_CONSTANT_CONVERSION = YES;
				CLANG_WARN_DEPRECATED_OBJC_IMPLEMENTATIONS = YES;
				CLANG_WARN_DIRECT_OBJC_ISA_USAGE = YES_ERROR;
				CLANG_WARN_DOCUMENTATION_COMMENTS = YES;
				CLANG_WARN_EMPTY_BODY = YES;
				CLANG_WARN_ENUM_CONVERSION = YES;
				CLANG_WARN_INFINITE_RECURSION = YES;
				CLANG_WARN_INT_CONVERSION = YES;
				CLANG_WARN_NON_LITERAL_NULL_CONVERSION = YES;
				CLANG_WARN_OBJC_IMPLICIT_RETAIN_SELF = YES;
				CLANG_WARN_OBJC_LITERAL_CONVERSION = YES;
				CLANG_WARN_OBJC_ROOT_CLASS = YES_ERROR;
				CLANG_WARN_QUOTED_INCLUDE_IN_FRAMEWORK_HEADER = YES;
				CLANG_WARN_RANGE_LOOP_ANALYSIS = YES;
				CLANG_WARN_STRICT_PROTOTYPES = YES;
				CLANG_WARN_SUSPICIOUS_MOVE = YES;
				CLANG_WARN_UNGUARDED_AVAILABILITY = YES_AGGRESSIVE;
				CLANG_WARN_UNREACHABLE_CODE = YES;
				CLANG_WARN__DUPLICATE_METHOD_MATCH = YES;
				COPY_PHASE_STRIP = NO;
				DEBUG_INFORMATION_FORMAT = "dwarf-with-dsym";
				ENABLE_NS_ASSERTIONS = NO;
				ENABLE_STRICT_OBJC_MSGSEND = YES;
				GCC_C_LANGUAGE_STANDARD = gnu11;
				GCC_NO_COMMON_BLOCKS = YES;
				GCC_WARN_64_TO_32_BIT_CONVERSION = YES;
				GCC_WARN_ABOUT_RETURN_TYPE = YES_ERROR;
				GCC_WARN_UNDECLARED_SELECTOR = YES;
				GCC_WARN_UNINITIALIZED_AUTOS = YES_AGGRESSIVE;
				GCC_WARN_UNUSED_FUNCTION = YES;
				GCC_WARN_UNUSED_VARIABLE = YES;
				IPHONEOS_DEPLOYMENT_TARGET = 14.4;
				MTL_ENABLE_DEBUG_INFO = NO;
				MTL_FAST_MATH = YES;
				SDKROOT = iphoneos;
				SWIFT_COMPILATION_MODE = wholemodule;
				SWIFT_OPTIMIZATION_LEVEL = "-O";
				VALIDATE_PRODUCT = YES;
			};
			name = Release;
		};
		5AD1554F25E8042E00172CEA /* Debug */ = {
			isa = XCBuildConfiguration;
			buildSettings = {
				ASSETCATALOG_COMPILER_APPICON_NAME = AppIcon;
				ASSETCATALOG_COMPILER_GLOBAL_ACCENT_COLOR_NAME = AccentColor;
				CODE_SIGN_STYLE = Automatic;
				DEVELOPMENT_ASSET_PATHS = "\"settingsclone/Preview Content\"";
				DEVELOPMENT_TEAM = P4DQK6SRKR;
				ENABLE_PREVIEWS = YES;
				INFOPLIST_FILE = settingsclone/Info.plist;
				LD_RUNPATH_SEARCH_PATHS = (
					"$(inherited)",
					"@executable_path/Frameworks",
				);
				PRODUCT_BUNDLE_IDENTIFIER = com.marcusziade.settingsclone;
				PRODUCT_NAME = "$(TARGET_NAME)";
				SWIFT_VERSION = 5.0;
				TARGETED_DEVICE_FAMILY = "1,2";
			};
			name = Debug;
		};
		5AD1555025E8042E00172CEA /* Release */ = {
			isa = XCBuildConfiguration;
			buildSettings = {
				ASSETCATALOG_COMPILER_APPICON_NAME = AppIcon;
				ASSETCATALOG_COMPILER_GLOBAL_ACCENT_COLOR_NAME = AccentColor;
				CODE_SIGN_STYLE = Automatic;
				DEVELOPMENT_ASSET_PATHS = "\"settingsclone/Preview Content\"";
				DEVELOPMENT_TEAM = P4DQK6SRKR;
				ENABLE_PREVIEWS = YES;
				INFOPLIST_FILE = settingsclone/Info.plist;
				LD_RUNPATH_SEARCH_PATHS = (
					"$(inherited)",
					"@executable_path/Frameworks",
				);
				PRODUCT_BUNDLE_IDENTIFIER = com.marcusziade.settingsclone;
				PRODUCT_NAME = "$(TARGET_NAME)";
				SWIFT_VERSION = 5.0;
				TARGETED_DEVICE_FAMILY = "1,2";
			};
			name = Release;
		};
/* End XCBuildConfiguration section */

/* Begin XCConfigurationList section */
		5AD1553525E8042D00172CEA /* Build configuration list for PBXProject "settingsclone" */ = {
			isa = XCConfigurationList;
			buildConfigurations = (
				5AD1554C25E8042E00172CEA /* Debug */,
				5AD1554D25E8042E00172CEA /* Release */,
			);
			defaultConfigurationIsVisible = 0;
			defaultConfigurationName = Release;
		};
		5AD1554E25E8042E00172CEA /* Build configuration list for PBXNativeTarget "settingsclone" */ = {
			isa = XCConfigurationList;
			buildConfigurations = (
				5AD1554F25E8042E00172CEA /* Debug */,
				5AD1555025E8042E00172CEA /* Release */,
			);
			defaultConfigurationIsVisible = 0;
			defaultConfigurationName = Release;
		};
/* End XCConfigurationList section */

/* Begin XCRemoteSwiftPackageReference section */
		5AF5742825E822EE00DD3BDE /* XCRemoteSwiftPackageReference "Tools" */ = {
			isa = XCRemoteSwiftPackageReference;
			repositoryURL = "https://github.com/marcusziade/Tools.git";
			requirement = {
				kind = upToNextMajorVersion;
				minimumVersion = 1.0.2;
			};
		};
/* End XCRemoteSwiftPackageReference section */

/* Begin XCSwiftPackageProductDependency section */
		5AF5742925E822EE00DD3BDE /* Tools */ = {
			isa = XCSwiftPackageProductDependency;
			package = 5AF5742825E822EE00DD3BDE /* XCRemoteSwiftPackageReference "Tools" */;
			productName = Tools;
		};
/* End XCSwiftPackageProductDependency section */
	};
	rootObject = 5AD1553225E8042D00172CEA /* Project object */;
}
