{
  "object": {
    "pins": [
      {
        "package": "Tools",
        "repositoryURL": "https://github.com/marcusziade/Tools.git",
        "state": {
          "branch": null,
          "revision": "07ece67ce022cd03b1f31b1db6f29811203c05dc",
          "version": "1.0.4"
        }
      }
    ]
  },
  "version": 1
}
